
Microsoft Visual Studio Solution File, Format Version 12.00
# Visual Studio Version 16
VisualStudioVersion = 16.0.29326.143
MinimumVisualStudioVersion = 10.0.40219.1
Project("{9A19103F-16F7-4668-BE54-9A1E7A4F7556}") = "RazorPageOidcClient", "RazorPageOidcClient\RazorPageOidcClient.csproj", "{2B2E3320-56D6-4F1F-8D39-2F3C2E9A2CB7}"
EndProject
Project("{9A19103F-16F7-4668-BE54-9A1E7A4F7556}") = "StsServerIdentity", "SecureTokenServer\StsServerIdentity.csproj", "{5B1FF30A-41F6-49DC-821E-FB5DE8C32E52}"
EndProject
Project("{2150E333-8FDC-42A3-9474-1A3956D46DE8}") = "Solution Items", "Solution Items", "{B0905CB0-1B27-461C-AC2D-242A5B8D09E7}"
	ProjectSection(SolutionItems) = preProject
		..\exercise.MD = ..\exercise.MD
	EndProjectSection
EndProject
Global
	GlobalSection(SolutionConfigurationPlatforms) = preSolution
		Debug|Any CPU = Debug|Any CPU
		Release|Any CPU = Release|Any CPU
	EndGlobalSection
	GlobalSection(ProjectConfigurationPlatforms) = postSolution
		{2B2E3320-56D6-4F1F-8D39-2F3C2E9A2CB7}.Debug|Any CPU.ActiveCfg = Debug|Any CPU
		{2B2E3320-56D6-4F1F-8D39-2F3C2E9A2CB7}.Debug|Any CPU.Build.0 = Debug|Any CPU
		{2B2E3320-56D6-4F1F-8D39-2F3C2E9A2CB7}.Release|Any CPU.ActiveCfg = Release|Any CPU
		{2B2E3320-56D6-4F1F-8D39-2F3C2E9A2CB7}.Release|Any CPU.Build.0 = Release|Any CPU
		{5B1FF30A-41F6-49DC-821E-FB5DE8C32E52}.Debug|Any CPU.ActiveCfg = Debug|Any CPU
		{5B1FF30A-41F6-49DC-821E-FB5DE8C32E52}.Debug|Any CPU.Build.0 = Debug|Any CPU
		{5B1FF30A-41F6-49DC-821E-FB5DE8C32E52}.Release|Any CPU.ActiveCfg = Release|Any CPU
		{5B1FF30A-41F6-49DC-821E-FB5DE8C32E52}.Release|Any CPU.Build.0 = Release|Any CPU
	EndGlobalSection
	GlobalSection(SolutionProperties) = preSolution
		HideSolutionNode = FALSE
	EndGlobalSection
	GlobalSection(ExtensibilityGlobals) = postSolution
		SolutionGuid = {407B3490-E126-48D6-A91F-129781E49FEF}
	EndGlobalSection
EndGlobal
